
Microsoft Visual Studio Solution File, Format Version 12.00
# Visual Studio Version 17
VisualStudioVersion = 17.1.32210.238
MinimumVisualStudioVersion = 10.0.40219.1
Project("{9A19103F-16F7-4668-BE54-9A1E7A4F7556}") = "DataFeeder", "DataFeeder\DataFeeder.csproj", "{CF989C46-697C-49E7-B296-E9C9EC6AEBED}"
EndProject
Global
	GlobalSection(SolutionConfigurationPlatforms) = preSolution
		Debug|Any CPU = Debug|Any CPU
		Release|Any CPU = Release|Any CPU
	EndGlobalSection
	GlobalSection(ProjectConfigurationPlatforms) = postSolution
		{CF989C46-697C-49E7-B296-E9C9EC6AEBED}.Debug|Any CPU.ActiveCfg = Debug|Any CPU
		{CF989C46-697C-49E7-B296-E9C9EC6AEBED}.Debug|Any CPU.Build.0 = Debug|Any CPU
		{CF989C46-697C-49E7-B296-E9C9EC6AEBED}.Release|Any CPU.ActiveCfg = Release|Any CPU
		{CF989C46-697C-49E7-B296-E9C9EC6AEBED}.Release|Any CPU.Build.0 = Release|Any CPU
	EndGlobalSection
	GlobalSection(SolutionProperties) = preSolution
		HideSolutionNode = FALSE
	EndGlobalSection
	GlobalSection(ExtensibilityGlobals) = postSolution
		SolutionGuid = {2E5571CC-5AFB-4C7B-B204-854EBB487A00}
	EndGlobalSection
EndGlobal
